# THIS IS AN AUTOGENERATED FILE. DO NOT EDIT THIS FILE DIRECTLY.
# yarn lockfile v1


bootstrap@^5.2.2:
  version "5.2.2"
  resolved "https://registry.yarnpkg.com/bootstrap/-/bootstrap-5.2.2.tgz#834e053eed584a65e244d8aa112a6959f56e27a0"
  integrity sha512-dEtzMTV71n6Fhmbg4fYJzQsw1N29hJKO1js5ackCgIpDcGid2ETMGC6zwSYw09v05Y+oRdQ9loC54zB1La3hHQ==

chart.js@^3.7.0, chart.js@^3.9.1:
  version "3.9.1"
  resolved "https://registry.yarnpkg.com/chart.js/-/chart.js-3.9.1.tgz#3abf2c775169c4c71217a107163ac708515924b8"
  integrity sha512-Ro2JbLmvg83gXF5F4sniaQ+lTbSv18E+TIf2cOeiH1Iqd2PGFOtem+DUufMZsCJwFE7ywPOpfXFBwRTGq7dh6w==

stimulus-chartjs@^4.0.0:
  version "4.0.0"
  resolved "https://registry.yarnpkg.com/stimulus-chartjs/-/stimulus-chartjs-4.0.0.tgz#e787de02ba2a844fccd9348e246e62614d0c900b"
  integrity sha512-eBPjdh+iyzUyBjDHns4dTUNlT5gvHXrL0b3/DX4RMWnzd2BfS5WHVOYY8sxbsabPXY5WgrzWOwJL0TTbN/6YFQ==
  dependencies:
    chart.js "^3.7.0"
